// !$*UTF8*$!
{
	archiveVersion = 1;
	classes = {
	};
	objectVersion = 50;
	objects = {

/* Begin PBXBuildFile section */
		7F14AE422815755700CA89F7 /* AppDelegate.swift in Sources */ = {isa = PBXBuildFile; fileRef = 7F14AE412815755700CA89F7 /* AppDelegate.swift */; };
		7F14AE442815755700CA89F7 /* SceneDelegate.swift in Sources */ = {isa = PBXBuildFile; fileRef = 7F14AE432815755700CA89F7 /* SceneDelegate.swift */; };
		7F14AE462815755700CA89F7 /* ViewController.swift in Sources */ = {isa = PBXBuildFile; fileRef = 7F14AE452815755700CA89F7 /* ViewController.swift */; };
		7F14AE492815755700CA89F7 /* Main.storyboard in Resources */ = {isa = PBXBuildFile; fileRef = 7F14AE472815755700CA89F7 /* Main.storyboard */; };
		7F14AE4C2815755700CA89F7 /* CoreDataFromNetwork.xcdatamodeld in Sources */ = {isa = PBXBuildFile; fileRef = 7F14AE4A2815755700CA89F7 /* CoreDataFromNetwork.xcdatamodeld */; };
		7F14AE4E2815755900CA89F7 /* Assets.xcassets in Resources */ = {isa = PBXBuildFile; fileRef = 7F14AE4D2815755900CA89F7 /* Assets.xcassets */; };
		7F14AE512815755900CA89F7 /* LaunchScreen.storyboard in Resources */ = {isa = PBXBuildFile; fileRef = 7F14AE4F2815755900CA89F7 /* LaunchScreen.storyboard */; };
		7F14AE592815793100CA89F7 /* TableViewController.swift in Sources */ = {isa = PBXBuildFile; fileRef = 7F14AE582815793100CA89F7 /* TableViewController.swift */; };
		7F14AE5B28157B0500CA89F7 /* NetworkManager.swift in Sources */ = {isa = PBXBuildFile; fileRef = 7F14AE5A28157B0500CA89F7 /* NetworkManager.swift */; };
		7F14AE5D28157B2300CA89F7 /* MyResponse.swift in Sources */ = {isa = PBXBuildFile; fileRef = 7F14AE5C28157B2300CA89F7 /* MyResponse.swift */; };
		E5B11AD749A2624DA37A8478 /* Pods_CoreDataFromNetwork.framework in Frameworks */ = {isa = PBXBuildFile; fileRef = A2D5A7284F7B7C10AEC78879 /* Pods_CoreDataFromNetwork.framework */; };
/* End PBXBuildFile section */

/* Begin PBXFileReference section */
		333C9265C6AD1ED069A17572 /* Pods-CoreDataFromNetwork.debug.xcconfig */ = {isa = PBXFileReference; includeInIndex = 1; lastKnownFileType = text.xcconfig; name = "Pods-CoreDataFromNetwork.debug.xcconfig"; path = "Target Support Files/Pods-CoreDataFromNetwork/Pods-CoreDataFromNetwork.debug.xcconfig"; sourceTree = "<group>"; };
		7F14AE3E2815755700CA89F7 /* CoreDataFromNetwork.app */ = {isa = PBXFileReference; explicitFileType = wrapper.application; includeInIndex = 0; path = CoreDataFromNetwork.app; sourceTree = BUILT_PRODUCTS_DIR; };
		7F14AE412815755700CA89F7 /* AppDelegate.swift */ = {isa = PBXFileReference; lastKnownFileType = sourcecode.swift; path = AppDelegate.swift; sourceTree = "<group>"; };
		7F14AE432815755700CA89F7 /* SceneDelegate.swift */ = {isa = PBXFileReference; lastKnownFileType = sourcecode.swift; path = SceneDelegate.swift; sourceTree = "<group>"; };
		7F14AE452815755700CA89F7 /* ViewController.swift */ = {isa = PBXFileReference; lastKnownFileType = sourcecode.swift; path = ViewController.swift; sourceTree = "<group>"; };
		7F14AE482815755700CA89F7 /* Base */ = {isa = PBXFileReference; lastKnownFileType = file.storyboard; name = Base; path = Base.lproj/Main.storyboard; sourceTree = "<group>"; };
		7F14AE4B2815755700CA89F7 /* CoreDataFromNetwork.xcdatamodel */ = {isa = PBXFileReference; lastKnownFileType = wrapper.xcdatamodel; path = CoreDataFromNetwork.xcdatamodel; sourceTree = "<group>"; };
		7F14AE4D2815755900CA89F7 /* Assets.xcassets */ = {isa = PBXFileReference; lastKnownFileType = folder.assetcatalog; path = Assets.xcassets; sourceTree = "<group>"; };
		7F14AE502815755900CA89F7 /* Base */ = {isa = PBXFileReference; lastKnownFileType = file.storyboard; name = Base; path = Base.lproj/LaunchScreen.storyboard; sourceTree = "<group>"; };
		7F14AE522815755900CA89F7 /* Info.plist */ = {isa = PBXFileReference; lastKnownFileType = text.plist.xml; path = Info.plist; sourceTree = "<group>"; };
		7F14AE582815793100CA89F7 /* TableViewController.swift */ = {isa = PBXFileReference; lastKnownFileType = sourcecode.swift; path = TableViewController.swift; sourceTree = "<group>"; };
		7F14AE5A28157B0500CA89F7 /* NetworkManager.swift */ = {isa = PBXFileReference; lastKnownFileType = sourcecode.swift; path = NetworkManager.swift; sourceTree = "<group>"; };
		7F14AE5C28157B2300CA89F7 /* MyResponse.swift */ = {isa = PBXFileReference; lastKnownFileType = sourcecode.swift; path = MyResponse.swift; sourceTree = "<group>"; };
		A2D5A7284F7B7C10AEC78879 /* Pods_CoreDataFromNetwork.framework */ = {isa = PBXFileReference; explicitFileType = wrapper.framework; includeInIndex = 0; path = Pods_CoreDataFromNetwork.framework; sourceTree = BUILT_PRODUCTS_DIR; };
		B9615E33C0FF048ACB9AA5ED /* Pods-CoreDataFromNetwork.release.xcconfig */ = {isa = PBXFileReference; includeInIndex = 1; lastKnownFileType = text.xcconfig; name = "Pods-CoreDataFromNetwork.release.xcconfig"; path = "Target Support Files/Pods-CoreDataFromNetwork/Pods-CoreDataFromNetwork.release.xcconfig"; sourceTree = "<group>"; };
/* End PBXFileReference section */

/* Begin PBXFrameworksBuildPhase section */
		7F14AE3B2815755700CA89F7 /* Frameworks */ = {
			isa = PBXFrameworksBuildPhase;
			buildActionMask = 2147483647;
			files = (
				E5B11AD749A2624DA37A8478 /* Pods_CoreDataFromNetwork.framework in Frameworks */,
			);
			runOnlyForDeploymentPostprocessing = 0;
		};
/* End PBXFrameworksBuildPhase section */

/* Begin PBXGroup section */
		49838363F96BF06BEF1A351D /* Frameworks */ = {
			isa = PBXGroup;
			children = (
				A2D5A7284F7B7C10AEC78879 /* Pods_CoreDataFromNetwork.framework */,
			);
			name = Frameworks;
			sourceTree = "<group>";
		};
		7F14AE352815755700CA89F7 = {
			isa = PBXGroup;
			children = (
				7F14AE402815755700CA89F7 /* CoreDataFromNetwork */,
				7F14AE3F2815755700CA89F7 /* Products */,
				D61598A5910FA08207EB2828 /* Pods */,
				49838363F96BF06BEF1A351D /* Frameworks */,
			);
			sourceTree = "<group>";
		};
		7F14AE3F2815755700CA89F7 /* Products */ = {
			isa = PBXGroup;
			children = (
				7F14AE3E2815755700CA89F7 /* CoreDataFromNetwork.app */,
			);
			name = Products;
			sourceTree = "<group>";
		};
		7F14AE402815755700CA89F7 /* CoreDataFromNetwork */ = {
			isa = PBXGroup;
			children = (
				7F14AE412815755700CA89F7 /* AppDelegate.swift */,
				7F14AE432815755700CA89F7 /* SceneDelegate.swift */,
				7F14AE452815755700CA89F7 /* ViewController.swift */,
				7F14AE472815755700CA89F7 /* Main.storyboard */,
				7F14AE4D2815755900CA89F7 /* Assets.xcassets */,
				7F14AE4F2815755900CA89F7 /* LaunchScreen.storyboard */,
				7F14AE522815755900CA89F7 /* Info.plist */,
				7F14AE4A2815755700CA89F7 /* CoreDataFromNetwork.xcdatamodeld */,
				7F14AE582815793100CA89F7 /* TableViewController.swift */,
				7F14AE5A28157B0500CA89F7 /* NetworkManager.swift */,
				7F14AE5C28157B2300CA89F7 /* MyResponse.swift */,
			);
			path = CoreDataFromNetwork;
			sourceTree = "<group>";
		};
		D61598A5910FA08207EB2828 /* Pods */ = {
			isa = PBXGroup;
			children = (
				333C9265C6AD1ED069A17572 /* Pods-CoreDataFromNetwork.debug.xcconfig */,
				B9615E33C0FF048ACB9AA5ED /* Pods-CoreDataFromNetwork.release.xcconfig */,
			);
			name = Pods;
			path = Pods;
			sourceTree = "<group>";
		};
/* End PBXGroup section */

/* Begin PBXNativeTarget section */
		7F14AE3D2815755700CA89F7 /* CoreDataFromNetwork */ = {
			isa = PBXNativeTarget;
			buildConfigurationList = 7F14AE552815755900CA89F7 /* Build configuration list for PBXNativeTarget "CoreDataFromNetwork" */;
			buildPhases = (
				004232DC17A2D627DD7447B3 /* [CP] Check Pods Manifest.lock */,
				7F14AE3A2815755700CA89F7 /* Sources */,
				7F14AE3B2815755700CA89F7 /* Frameworks */,
				7F14AE3C2815755700CA89F7 /* Resources */,
				A7961A005626A80066F4470E /* [CP] Embed Pods Frameworks */,
			);
			buildRules = (
			);
			dependencies = (
			);
			name = CoreDataFromNetwork;
			productName = CoreDataFromNetwork;
			productReference = 7F14AE3E2815755700CA89F7 /* CoreDataFromNetwork.app */;
			productType = "com.apple.product-type.application";
		};
/* End PBXNativeTarget section */

/* Begin PBXProject section */
		7F14AE362815755700CA89F7 /* Project object */ = {
			isa = PBXProject;
			attributes = {
				LastSwiftUpdateCheck = 1140;
				LastUpgradeCheck = 1140;
				ORGANIZATIONNAME = "Hala Mustafa";
				TargetAttributes = {
					7F14AE3D2815755700CA89F7 = {
						CreatedOnToolsVersion = 11.4;
					};
				};
			};
			buildConfigurationList = 7F14AE392815755700CA89F7 /* Build configuration list for PBXProject "CoreDataFromNetwork" */;
			compatibilityVersion = "Xcode 9.3";
			developmentRegion = en;
			hasScannedForEncodings = 0;
			knownRegions = (
				en,
				Base,
			);
			mainGroup = 7F14AE352815755700CA89F7;
			productRefGroup = 7F14AE3F2815755700CA89F7 /* Products */;
			projectDirPath = "";
			projectRoot = "";
			targets = (
				7F14AE3D2815755700CA89F7 /* CoreDataFromNetwork */,
			);
		};
/* End PBXProject section */

/* Begin PBXResourcesBuildPhase section */
		7F14AE3C2815755700CA89F7 /* Resources */ = {
			isa = PBXResourcesBuildPhase;
			buildActionMask = 2147483647;
			files = (
				7F14AE512815755900CA89F7 /* LaunchScreen.storyboard in Resources */,
				7F14AE4E2815755900CA89F7 /* Assets.xcassets in Resources */,
				7F14AE492815755700CA89F7 /* Main.storyboard in Resources */,
			);
			runOnlyForDeploymentPostprocessing = 0;
		};
/* End PBXResourcesBuildPhase section */

/* Begin PBXShellScriptBuildPhase section */
		004232DC17A2D627DD7447B3 /* [CP] Check Pods Manifest.lock */ = {
			isa = PBXShellScriptBuildPhase;
			buildActionMask = 2147483647;
			files = (
			);
			inputFileListPaths = (
			);
			inputPaths = (
				"${PODS_PODFILE_DIR_PATH}/Podfile.lock",
				"${PODS_ROOT}/Manifest.lock",
			);
			name = "[CP] Check Pods Manifest.lock";
			outputFileListPaths = (
			);
			outputPaths = (
				"$(DERIVED_FILE_DIR)/Pods-CoreDataFromNetwork-checkManifestLockResult.txt",
			);
			runOnlyForDeploymentPostprocessing = 0;
			shellPath = /bin/sh;
			shellScript = "diff \"${PODS_PODFILE_DIR_PATH}/Podfile.lock\" \"${PODS_ROOT}/Manifest.lock\" > /dev/null\nif [ $? != 0 ] ; then\n    # print error to STDERR\n    echo \"error: The sandbox is not in sync with the Podfile.lock. Run 'pod install' or update your CocoaPods installation.\" >&2\n    exit 1\nfi\n# This output is used by Xcode 'outputs' to avoid re-running this script phase.\necho \"SUCCESS\" > \"${SCRIPT_OUTPUT_FILE_0}\"\n";
			showEnvVarsInLog = 0;
		};
		A7961A005626A80066F4470E /* [CP] Embed Pods Frameworks */ = {
			isa = PBXShellScriptBuildPhase;
			buildActionMask = 2147483647;
			files = (
			);
			inputFileListPaths = (
				"${PODS_ROOT}/Target Support Files/Pods-CoreDataFromNetwork/Pods-CoreDataFromNetwork-frameworks-${CONFIGURATION}-input-files.xcfilelist",
			);
			name = "[CP] Embed Pods Frameworks";
			outputFileListPaths = (
				"${PODS_ROOT}/Target Support Files/Pods-CoreDataFromNetwork/Pods-CoreDataFromNetwork-frameworks-${CONFIGURATION}-output-files.xcfilelist",
			);
			runOnlyForDeploymentPostprocessing = 0;
			shellPath = /bin/sh;
			shellScript = "\"${PODS_ROOT}/Target Support Files/Pods-CoreDataFromNetwork/Pods-CoreDataFromNetwork-frameworks.sh\"\n";
			showEnvVarsInLog = 0;
		};
/* End PBXShellScriptBuildPhase section */

/* Begin PBXSourcesBuildPhase section */
		7F14AE3A2815755700CA89F7 /* Sources */ = {
			isa = PBXSourcesBuildPhase;
			buildActionMask = 2147483647;
			files = (
				7F14AE5B28157B0500CA89F7 /* NetworkManager.swift in Sources */,
				7F14AE5D28157B2300CA89F7 /* MyResponse.swift in Sources */,
				7F14AE462815755700CA89F7 /* ViewController.swift in Sources */,
				7F14AE422815755700CA89F7 /* AppDelegate.swift in Sources */,
				7F14AE4C2815755700CA89F7 /* CoreDataFromNetwork.xcdatamodeld in Sources */,
				7F14AE592815793100CA89F7 /* TableViewController.swift in Sources */,
				7F14AE442815755700CA89F7 /* SceneDelegate.swift in Sources */,
			);
			runOnlyForDeploymentPostprocessing = 0;
		};
/* End PBXSourcesBuildPhase section */

/* Begin PBXVariantGroup section */
		7F14AE472815755700CA89F7 /* Main.storyboard */ = {
			isa = PBXVariantGroup;
			children = (
				7F14AE482815755700CA89F7 /* Base */,
			);
			name = Main.storyboard;
			sourceTree = "<group>";
		};
		7F14AE4F2815755900CA89F7 /* LaunchScreen.storyboard */ = {
			isa = PBXVariantGroup;
			children = (
				7F14AE502815755900CA89F7 /* Base */,
			);
			name = LaunchScreen.storyboard;
			sourceTree = "<group>";
		};
/* End PBXVariantGroup section */

/* Begin XCBuildConfiguration section */
		7F14AE532815755900CA89F7 /* Debug */ = {
			isa = XCBuildConfiguration;
			buildSettings = {
				ALWAYS_SEARCH_USER_PATHS = NO;
				CLANG_ANALYZER_NONNULL = YES;
				CLANG_ANALYZER_NUMBER_OBJECT_CONVERSION = YES_AGGRESSIVE;
				CLANG_CXX_LANGUAGE_STANDARD = "gnu++14";
				CLANG_CXX_LIBRARY = "libc++";
				CLANG_ENABLE_MODULES = YES;
				CLANG_ENABLE_OBJC_ARC = YES;
				CLANG_ENABLE_OBJC_WEAK = YES;
				CLANG_WARN_BLOCK_CAPTURE_AUTORELEASING = YES;
				CLANG_WARN_BOOL_CONVERSION = YES;
				CLANG_WARN_COMMA = YES;
				CLANG_WARN_CONSTANT_CONVERSION = YES;
				CLANG_WARN_DEPRECATED_OBJC_IMPLEMENTATIONS = YES;
				CLANG_WARN_DIRECT_OBJC_ISA_USAGE = YES_ERROR;
				CLANG_WARN_DOCUMENTATION_COMMENTS = YES;
				CLANG_WARN_EMPTY_BODY = YES;
				CLANG_WARN_ENUM_CONVERSION = YES;
				CLANG_WARN_INFINITE_RECURSION = YES;
				CLANG_WARN_INT_CONVERSION = YES;
				CLANG_WARN_NON_LITERAL_NULL_CONVERSION = YES;
				CLANG_WARN_OBJC_IMPLICIT_RETAIN_SELF = YES;
				CLANG_WARN_OBJC_LITERAL_CONVERSION = YES;
				CLANG_WARN_OBJC_ROOT_CLASS = YES_ERROR;
				CLANG_WARN_RANGE_LOOP_ANALYSIS = YES;
				CLANG_WARN_STRICT_PROTOTYPES = YES;
				CLANG_WARN_SUSPICIOUS_MOVE = YES;
				CLANG_WARN_UNGUARDED_AVAILABILITY = YES_AGGRESSIVE;
				CLANG_WARN_UNREACHABLE_CODE = YES;
				CLANG_WARN__DUPLICATE_METHOD_MATCH = YES;
				COPY_PHASE_STRIP = NO;
				DEBUG_INFORMATION_FORMAT = dwarf;
				ENABLE_STRICT_OBJC_MSGSEND = YES;
				ENABLE_TESTABILITY = YES;
				GCC_C_LANGUAGE_STANDARD = gnu11;
				GCC_DYNAMIC_NO_PIC = NO;
				GCC_NO_COMMON_BLOCKS = YES;
				GCC_OPTIMIZATION_LEVEL = 0;
				GCC_PREPROCESSOR_DEFINITIONS = (
					"DEBUG=1",
					"$(inherited)",
				);
				GCC_WARN_64_TO_32_BIT_CONVERSION = YES;
				GCC_WARN_ABOUT_RETURN_TYPE = YES_ERROR;
				GCC_WARN_UNDECLARED_SELECTOR = YES;
				GCC_WARN_UNINITIALIZED_AUTOS = YES_AGGRESSIVE;
				GCC_WARN_UNUSED_FUNCTION = YES;
				GCC_WARN_UNUSED_VARIABLE = YES;
				IPHONEOS_DEPLOYMENT_TARGET = 13.4;
				MTL_ENABLE_DEBUG_INFO = INCLUDE_SOURCE;
				MTL_FAST_MATH = YES;
				ONLY_ACTIVE_ARCH = YES;
				SDKROOT = iphoneos;
				SWIFT_ACTIVE_COMPILATION_CONDITIONS = DEBUG;
				SWIFT_OPTIMIZATION_LEVEL = "-Onone";
			};
			name = Debug;
		};
		7F14AE542815755900CA89F7 /* Release */ = {
			isa = XCBuildConfiguration;
			buildSettings = {
				ALWAYS_SEARCH_USER_PATHS = NO;
				CLANG_ANALYZER_NONNULL = YES;
				CLANG_ANALYZER_NUMBER_OBJECT_CONVERSION = YES_AGGRESSIVE;
				CLANG_CXX_LANGUAGE_STANDARD = "gnu++14";
				CLANG_CXX_LIBRARY = "libc++";
				CLANG_ENABLE_MODULES = YES;
				CLANG_ENABLE_OBJC_ARC = YES;
				CLANG_ENABLE_OBJC_WEAK = YES;
				CLANG_WARN_BLOCK_CAPTURE_AUTORELEASING = YES;
				CLANG_WARN_BOOL_CONVERSION = YES;
				CLANG_WARN_COMMA = YES;
				CLANG_WARN_CONSTANT_CONVERSION = YES;
				CLANG_WARN_DEPRECATED_OBJC_IMPLEMENTATIONS = YES;
				CLANG_WARN_DIRECT_OBJC_ISA_USAGE = YES_ERROR;
				CLANG_WARN_DOCUMENTATION_COMMENTS = YES;
				CLANG_WARN_EMPTY_BODY = YES;
				CLANG_WARN_ENUM_CONVERSION = YES;
				CLANG_WARN_INFINITE_RECURSION = YES;
				CLANG_WARN_INT_CONVERSION = YES;
				CLANG_WARN_NON_LITERAL_NULL_CONVERSION = YES;
				CLANG_WARN_OBJC_IMPLICIT_RETAIN_SELF = YES;
				CLANG_WARN_OBJC_LITERAL_CONVERSION = YES;
				CLANG_WARN_OBJC_ROOT_CLASS = YES_ERROR;
				CLANG_WARN_RANGE_LOOP_ANALYSIS = YES;
				CLANG_WARN_STRICT_PROTOTYPES = YES;
				CLANG_WARN_SUSPICIOUS_MOVE = YES;
				CLANG_WARN_UNGUARDED_AVAILABILITY = YES_AGGRESSIVE;
				CLANG_WARN_UNREACHABLE_CODE = YES;
				CLANG_WARN__DUPLICATE_METHOD_MATCH = YES;
				COPY_PHASE_STRIP = NO;
				DEBUG_INFORMATION_FORMAT = "dwarf-with-dsym";
				ENABLE_NS_ASSERTIONS = NO;
				ENABLE_STRICT_OBJC_MSGSEND = YES;
				GCC_C_LANGUAGE_STANDARD = gnu11;
				GCC_NO_COMMON_BLOCKS = YES;
				GCC_WARN_64_TO_32_BIT_CONVERSION = YES;
				GCC_WARN_ABOUT_RETURN_TYPE = YES_ERROR;
				GCC_WARN_UNDECLARED_SELECTOR = YES;
				GCC_WARN_UNINITIALIZED_AUTOS = YES_AGGRESSIVE;
				GCC_WARN_UNUSED_FUNCTION = YES;
				GCC_WARN_UNUSED_VARIABLE = YES;
				IPHONEOS_DEPLOYMENT_TARGET = 13.4;
				MTL_ENABLE_DEBUG_INFO = NO;
				MTL_FAST_MATH = YES;
				SDKROOT = iphoneos;
				SWIFT_COMPILATION_MODE = wholemodule;
				SWIFT_OPTIMIZATION_LEVEL = "-O";
				VALIDATE_PRODUCT = YES;
			};
			name = Release;
		};
		7F14AE562815755900CA89F7 /* Debug */ = {
			isa = XCBuildConfiguration;
			baseConfigurationReference = 333C9265C6AD1ED069A17572 /* Pods-CoreDataFromNetwork.debug.xcconfig */;
			buildSettings = {
				ASSETCATALOG_COMPILER_APPICON_NAME = AppIcon;
				CODE_SIGN_STYLE = Automatic;
				INFOPLIST_FILE = CoreDataFromNetwork/Info.plist;
				LD_RUNPATH_SEARCH_PATHS = (
					"$(inherited)",
					"@executable_path/Frameworks",
				);
				PRODUCT_BUNDLE_IDENTIFIER = ghada.CoreDataFromNetwork;
				PRODUCT_NAME = "$(TARGET_NAME)";
				SWIFT_VERSION = 5.0;
				TARGETED_DEVICE_FAMILY = "1,2";
			};
			name = Debug;
		};
		7F14AE572815755900CA89F7 /* Release */ = {
			isa = XCBuildConfiguration;
			baseConfigurationReference = B9615E33C0FF048ACB9AA5ED /* Pods-CoreDataFromNetwork.release.xcconfig */;
			buildSettings = {
				ASSETCATALOG_COMPILER_APPICON_NAME = AppIcon;
				CODE_SIGN_STYLE = Automatic;
				INFOPLIST_FILE = CoreDataFromNetwork/Info.plist;
				LD_RUNPATH_SEARCH_PATHS = (
					"$(inherited)",
					"@executable_path/Frameworks",
				);
				PRODUCT_BUNDLE_IDENTIFIER = ghada.CoreDataFromNetwork;
				PRODUCT_NAME = "$(TARGET_NAME)";
				SWIFT_VERSION = 5.0;
				TARGETED_DEVICE_FAMILY = "1,2";
			};
			name = Release;
		};
/* End XCBuildConfiguration section */

/* Begin XCConfigurationList section */
		7F14AE392815755700CA89F7 /* Build configuration list for PBXProject "CoreDataFromNetwork" */ = {
			isa = XCConfigurationList;
			buildConfigurations = (
				7F14AE532815755900CA89F7 /* Debug */,
				7F14AE542815755900CA89F7 /* Release */,
			);
			defaultConfigurationIsVisible = 0;
			defaultConfigurationName = Release;
		};
		7F14AE552815755900CA89F7 /* Build configuration list for PBXNativeTarget "CoreDataFromNetwork" */ = {
			isa = XCConfigurationList;
			buildConfigurations = (
				7F14AE562815755900CA89F7 /* Debug */,
				7F14AE572815755900CA89F7 /* Release */,
			);
			defaultConfigurationIsVisible = 0;
			defaultConfigurationName = Release;
		};
/* End XCConfigurationList section */

/* Begin XCVersionGroup section */
		7F14AE4A2815755700CA89F7 /* CoreDataFromNetwork.xcdatamodeld */ = {
			isa = XCVersionGroup;
			children = (
				7F14AE4B2815755700CA89F7 /* CoreDataFromNetwork.xcdatamodel */,
			);
			currentVersion = 7F14AE4B2815755700CA89F7 /* CoreDataFromNetwork.xcdatamodel */;
			path = CoreDataFromNetwork.xcdatamodeld;
			sourceTree = "<group>";
			versionGroupType = wrapper.xcdatamodel;
		};
/* End XCVersionGroup section */
	};
	rootObject = 7F14AE362815755700CA89F7 /* Project object */;
}
